
Microsoft Visual Studio Solution File, Format Version 12.00
# Visual Studio Version 17
VisualStudioVersion = 17.7.34024.191
MinimumVisualStudioVersion = 10.0.40219.1
Project("{8BC9CEB8-8B4A-11D0-8D11-00A0C91BC942}") = "OPLab9.1", "OPLab9.1\OPLab9.1.vcxproj", "{EE805C9E-8560-440A-8BCB-A13382F12588}"
EndProject
Project("{8BC9CEB8-8B4A-11D0-8D11-00A0C91BC942}") = "OPLab9.2", "OPLab9.2\OPLab9.2.vcxproj", "{FAF2E8D9-1AC7-45A7-8A3A-B293C2F953F6}"
EndProject
Project("{8BC9CEB8-8B4A-11D0-8D11-00A0C91BC942}") = "OPLab9.3", "OPLab9.3\OPLab9.3.vcxproj", "{D88FC12F-BEEF-4B0E-AC3A-DA338898FF4E}"
EndProject
Project("{8BC9CEB8-8B4A-11D0-8D11-00A0C91BC942}") = "OPLab9.4", "OPLab9.4\OPLab9.4.vcxproj", "{7E8763D8-A7E1-472E-BFDB-41D3C1DA96C9}"
EndProject
Global
	GlobalSection(SolutionConfigurationPlatforms) = preSolution
		Debug|x64 = Debug|x64
		Debug|x86 = Debug|x86
		Release|x64 = Release|x64
		Release|x86 = Release|x86
	EndGlobalSection
	GlobalSection(ProjectConfigurationPlatforms) = postSolution
		{EE805C9E-8560-440A-8BCB-A13382F12588}.Debug|x64.ActiveCfg = Debug|x64
		{EE805C9E-8560-440A-8BCB-A13382F12588}.Debug|x64.Build.0 = Debug|x64
		{EE805C9E-8560-440A-8BCB-A13382F12588}.Debug|x86.ActiveCfg = Debug|Win32
		{EE805C9E-8560-440A-8BCB-A13382F12588}.Debug|x86.Build.0 = Debug|Win32
		{EE805C9E-8560-440A-8BCB-A13382F12588}.Release|x64.ActiveCfg = Release|x64
		{EE805C9E-8560-440A-8BCB-A13382F12588}.Release|x64.Build.0 = Release|x64
		{EE805C9E-8560-440A-8BCB-A13382F12588}.Release|x86.ActiveCfg = Release|Win32
		{EE805C9E-8560-440A-8BCB-A13382F12588}.Release|x86.Build.0 = Release|Win32
		{FAF2E8D9-1AC7-45A7-8A3A-B293C2F953F6}.Debug|x64.ActiveCfg = Debug|x64
		{FAF2E8D9-1AC7-45A7-8A3A-B293C2F953F6}.Debug|x64.Build.0 = Debug|x64
		{FAF2E8D9-1AC7-45A7-8A3A-B293C2F953F6}.Debug|x86.ActiveCfg = Debug|Win32
		{FAF2E8D9-1AC7-45A7-8A3A-B293C2F953F6}.Debug|x86.Build.0 = Debug|Win32
		{FAF2E8D9-1AC7-45A7-8A3A-B293C2F953F6}.Release|x64.ActiveCfg = Release|x64
		{FAF2E8D9-1AC7-45A7-8A3A-B293C2F953F6}.Release|x64.Build.0 = Release|x64
		{FAF2E8D9-1AC7-45A7-8A3A-B293C2F953F6}.Release|x86.ActiveCfg = Release|Win32
		{FAF2E8D9-1AC7-45A7-8A3A-B293C2F953F6}.Release|x86.Build.0 = Release|Win32
		{D88FC12F-BEEF-4B0E-AC3A-DA338898FF4E}.Debug|x64.ActiveCfg = Debug|x64
		{D88FC12F-BEEF-4B0E-AC3A-DA338898FF4E}.Debug|x64.Build.0 = Debug|x64
		{D88FC12F-BEEF-4B0E-AC3A-DA338898FF4E}.Debug|x86.ActiveCfg = Debug|Win32
		{D88FC12F-BEEF-4B0E-AC3A-DA338898FF4E}.Debug|x86.Build.0 = Debug|Win32
		{D88FC12F-BEEF-4B0E-AC3A-DA338898FF4E}.Release|x64.ActiveCfg = Release|x64
		{D88FC12F-BEEF-4B0E-AC3A-DA338898FF4E}.Release|x64.Build.0 = Release|x64
		{D88FC12F-BEEF-4B0E-AC3A-DA338898FF4E}.Release|x86.ActiveCfg = Release|Win32
		{D88FC12F-BEEF-4B0E-AC3A-DA338898FF4E}.Release|x86.Build.0 = Release|Win32
		{7E8763D8-A7E1-472E-BFDB-41D3C1DA96C9}.Debug|x64.ActiveCfg = Debug|x64
		{7E8763D8-A7E1-472E-BFDB-41D3C1DA96C9}.Debug|x64.Build.0 = Debug|x64
		{7E8763D8-A7E1-472E-BFDB-41D3C1DA96C9}.Debug|x86.ActiveCfg = Debug|Win32
		{7E8763D8-A7E1-472E-BFDB-41D3C1DA96C9}.Debug|x86.Build.0 = Debug|Win32
		{7E8763D8-A7E1-472E-BFDB-41D3C1DA96C9}.Release|x64.ActiveCfg = Release|x64
		{7E8763D8-A7E1-472E-BFDB-41D3C1DA96C9}.Release|x64.Build.0 = Release|x64
		{7E8763D8-A7E1-472E-BFDB-41D3C1DA96C9}.Release|x86.ActiveCfg = Release|Win32
		{7E8763D8-A7E1-472E-BFDB-41D3C1DA96C9}.Release|x86.Build.0 = Release|Win32
	EndGlobalSection
	GlobalSection(SolutionProperties) = preSolution
		HideSolutionNode = FALSE
	EndGlobalSection
	GlobalSection(ExtensibilityGlobals) = postSolution
		SolutionGuid = {81ACB6CE-6B16-45E6-A677-08F81F99AE1A}
	EndGlobalSection
EndGlobal
